
Microsoft Visual Studio Solution File, Format Version 12.00
# Visual Studio 14
VisualStudioVersion = 14.0.25420.1
MinimumVisualStudioVersion = 10.0.40219.1
Project("{8BC9CEB8-8B4A-11D0-8D11-00A0C91BC942}") = "ms", "ms\ms.vcxproj", "{0CC9F6A4-CF30-4262-BC3B-3D7C9DDA72F9}"
EndProject
Project("{8BC9CEB8-8B4A-11D0-8D11-00A0C91BC942}") = "MsLong", "MsLong\MsLong.vcxproj", "{892A5121-D399-4D92-8405-F54882C04566}"
EndProject
Project("{8BC9CEB8-8B4A-11D0-8D11-00A0C91BC942}") = "LuaPlus", "LuaPlus\LuaPlus.vcxproj", "{9EBF0355-2F77-4997-AE8A-81F5B9A3CB34}"
EndProject
Project("{8BC9CEB8-8B4A-11D0-8D11-00A0C91BC942}") = "TestLuaGUI", "TestLuaGUI\TestLuaGUI.vcxproj", "{A530E963-5804-4F79-BD2B-F2C8A523B6BC}"
EndProject
Project("{8BC9CEB8-8B4A-11D0-8D11-00A0C91BC942}") = "data", "data\data.vcxproj", "{11C889C6-54B3-4D6F-B6A7-CA126967EB54}"
EndProject
Global
	GlobalSection(SolutionConfigurationPlatforms) = preSolution
		Debug|x64 = Debug|x64
		Debug|x86 = Debug|x86
		Release|x64 = Release|x64
		Release|x86 = Release|x86
		uDebug|x64 = uDebug|x64
		uDebug|x86 = uDebug|x86
		uRelease|x64 = uRelease|x64
		uRelease|x86 = uRelease|x86
	EndGlobalSection
	GlobalSection(ProjectConfigurationPlatforms) = postSolution
		{0CC9F6A4-CF30-4262-BC3B-3D7C9DDA72F9}.Debug|x64.ActiveCfg = Debug|x64
		{0CC9F6A4-CF30-4262-BC3B-3D7C9DDA72F9}.Debug|x64.Build.0 = Debug|x64
		{0CC9F6A4-CF30-4262-BC3B-3D7C9DDA72F9}.Debug|x86.ActiveCfg = Debug|Win32
		{0CC9F6A4-CF30-4262-BC3B-3D7C9DDA72F9}.Debug|x86.Build.0 = Debug|Win32
		{0CC9F6A4-CF30-4262-BC3B-3D7C9DDA72F9}.Release|x64.ActiveCfg = Release|x64
		{0CC9F6A4-CF30-4262-BC3B-3D7C9DDA72F9}.Release|x64.Build.0 = Release|x64
		{0CC9F6A4-CF30-4262-BC3B-3D7C9DDA72F9}.Release|x86.ActiveCfg = Release|Win32
		{0CC9F6A4-CF30-4262-BC3B-3D7C9DDA72F9}.Release|x86.Build.0 = Release|Win32
		{0CC9F6A4-CF30-4262-BC3B-3D7C9DDA72F9}.uDebug|x64.ActiveCfg = Debug|x64
		{0CC9F6A4-CF30-4262-BC3B-3D7C9DDA72F9}.uDebug|x64.Build.0 = Debug|x64
		{0CC9F6A4-CF30-4262-BC3B-3D7C9DDA72F9}.uDebug|x86.ActiveCfg = Debug|Win32
		{0CC9F6A4-CF30-4262-BC3B-3D7C9DDA72F9}.uDebug|x86.Build.0 = Debug|Win32
		{0CC9F6A4-CF30-4262-BC3B-3D7C9DDA72F9}.uRelease|x64.ActiveCfg = Release|x64
		{0CC9F6A4-CF30-4262-BC3B-3D7C9DDA72F9}.uRelease|x64.Build.0 = Release|x64
		{0CC9F6A4-CF30-4262-BC3B-3D7C9DDA72F9}.uRelease|x86.ActiveCfg = Release|Win32
		{0CC9F6A4-CF30-4262-BC3B-3D7C9DDA72F9}.uRelease|x86.Build.0 = Release|Win32
		{892A5121-D399-4D92-8405-F54882C04566}.Debug|x64.ActiveCfg = Debug|x64
		{892A5121-D399-4D92-8405-F54882C04566}.Debug|x64.Build.0 = Debug|x64
		{892A5121-D399-4D92-8405-F54882C04566}.Debug|x86.ActiveCfg = Debug|Win32
		{892A5121-D399-4D92-8405-F54882C04566}.Debug|x86.Build.0 = Debug|Win32
		{892A5121-D399-4D92-8405-F54882C04566}.Release|x64.ActiveCfg = Release|x64
		{892A5121-D399-4D92-8405-F54882C04566}.Release|x64.Build.0 = Release|x64
		{892A5121-D399-4D92-8405-F54882C04566}.Release|x86.ActiveCfg = Release|Win32
		{892A5121-D399-4D92-8405-F54882C04566}.Release|x86.Build.0 = Release|Win32
		{892A5121-D399-4D92-8405-F54882C04566}.uDebug|x64.ActiveCfg = Debug|x64
		{892A5121-D399-4D92-8405-F54882C04566}.uDebug|x64.Build.0 = Debug|x64
		{892A5121-D399-4D92-8405-F54882C04566}.uDebug|x86.ActiveCfg = Debug|Win32
		{892A5121-D399-4D92-8405-F54882C04566}.uDebug|x86.Build.0 = Debug|Win32
		{892A5121-D399-4D92-8405-F54882C04566}.uRelease|x64.ActiveCfg = Release|x64
		{892A5121-D399-4D92-8405-F54882C04566}.uRelease|x64.Build.0 = Release|x64
		{892A5121-D399-4D92-8405-F54882C04566}.uRelease|x86.ActiveCfg = Release|Win32
		{892A5121-D399-4D92-8405-F54882C04566}.uRelease|x86.Build.0 = Release|Win32
		{9EBF0355-2F77-4997-AE8A-81F5B9A3CB34}.Debug|x64.ActiveCfg = Debug|x64
		{9EBF0355-2F77-4997-AE8A-81F5B9A3CB34}.Debug|x64.Build.0 = Debug|x64
		{9EBF0355-2F77-4997-AE8A-81F5B9A3CB34}.Debug|x86.ActiveCfg = Debug|Win32
		{9EBF0355-2F77-4997-AE8A-81F5B9A3CB34}.Debug|x86.Build.0 = Debug|Win32
		{9EBF0355-2F77-4997-AE8A-81F5B9A3CB34}.Release|x64.ActiveCfg = Release|x64
		{9EBF0355-2F77-4997-AE8A-81F5B9A3CB34}.Release|x64.Build.0 = Release|x64
		{9EBF0355-2F77-4997-AE8A-81F5B9A3CB34}.Release|x86.ActiveCfg = Release|Win32
		{9EBF0355-2F77-4997-AE8A-81F5B9A3CB34}.Release|x86.Build.0 = Release|Win32
		{9EBF0355-2F77-4997-AE8A-81F5B9A3CB34}.uDebug|x64.ActiveCfg = Debug|x64
		{9EBF0355-2F77-4997-AE8A-81F5B9A3CB34}.uDebug|x64.Build.0 = Debug|x64
		{9EBF0355-2F77-4997-AE8A-81F5B9A3CB34}.uDebug|x86.ActiveCfg = Debug|Win32
		{9EBF0355-2F77-4997-AE8A-81F5B9A3CB34}.uDebug|x86.Build.0 = Debug|Win32
		{9EBF0355-2F77-4997-AE8A-81F5B9A3CB34}.uRelease|x64.ActiveCfg = Release|x64
		{9EBF0355-2F77-4997-AE8A-81F5B9A3CB34}.uRelease|x64.Build.0 = Release|x64
		{9EBF0355-2F77-4997-AE8A-81F5B9A3CB34}.uRelease|x86.ActiveCfg = Release|Win32
		{9EBF0355-2F77-4997-AE8A-81F5B9A3CB34}.uRelease|x86.Build.0 = Release|Win32
		{A530E963-5804-4F79-BD2B-F2C8A523B6BC}.Debug|x64.ActiveCfg = Debug|x64
		{A530E963-5804-4F79-BD2B-F2C8A523B6BC}.Debug|x64.Build.0 = Debug|x64
		{A530E963-5804-4F79-BD2B-F2C8A523B6BC}.Debug|x86.ActiveCfg = Debug|Win32
		{A530E963-5804-4F79-BD2B-F2C8A523B6BC}.Debug|x86.Build.0 = Debug|Win32
		{A530E963-5804-4F79-BD2B-F2C8A523B6BC}.Release|x64.ActiveCfg = Release|x64
		{A530E963-5804-4F79-BD2B-F2C8A523B6BC}.Release|x64.Build.0 = Release|x64
		{A530E963-5804-4F79-BD2B-F2C8A523B6BC}.Release|x86.ActiveCfg = Release|Win32
		{A530E963-5804-4F79-BD2B-F2C8A523B6BC}.Release|x86.Build.0 = Release|Win32
		{A530E963-5804-4F79-BD2B-F2C8A523B6BC}.uDebug|x64.ActiveCfg = Debug|x64
		{A530E963-5804-4F79-BD2B-F2C8A523B6BC}.uDebug|x64.Build.0 = Debug|x64
		{A530E963-5804-4F79-BD2B-F2C8A523B6BC}.uDebug|x86.ActiveCfg = Debug|Win32
		{A530E963-5804-4F79-BD2B-F2C8A523B6BC}.uDebug|x86.Build.0 = Debug|Win32
		{A530E963-5804-4F79-BD2B-F2C8A523B6BC}.uRelease|x64.ActiveCfg = Release|x64
		{A530E963-5804-4F79-BD2B-F2C8A523B6BC}.uRelease|x64.Build.0 = Release|x64
		{A530E963-5804-4F79-BD2B-F2C8A523B6BC}.uRelease|x86.ActiveCfg = Release|Win32
		{A530E963-5804-4F79-BD2B-F2C8A523B6BC}.uRelease|x86.Build.0 = Release|Win32
		{11C889C6-54B3-4D6F-B6A7-CA126967EB54}.Debug|x64.ActiveCfg = Debug|x64
		{11C889C6-54B3-4D6F-B6A7-CA126967EB54}.Debug|x64.Build.0 = Debug|x64
		{11C889C6-54B3-4D6F-B6A7-CA126967EB54}.Debug|x86.ActiveCfg = Debug|Win32
		{11C889C6-54B3-4D6F-B6A7-CA126967EB54}.Debug|x86.Build.0 = Debug|Win32
		{11C889C6-54B3-4D6F-B6A7-CA126967EB54}.Release|x64.ActiveCfg = Release|x64
		{11C889C6-54B3-4D6F-B6A7-CA126967EB54}.Release|x64.Build.0 = Release|x64
		{11C889C6-54B3-4D6F-B6A7-CA126967EB54}.Release|x86.ActiveCfg = Release|Win32
		{11C889C6-54B3-4D6F-B6A7-CA126967EB54}.Release|x86.Build.0 = Release|Win32
		{11C889C6-54B3-4D6F-B6A7-CA126967EB54}.uDebug|x64.ActiveCfg = Debug|x64
		{11C889C6-54B3-4D6F-B6A7-CA126967EB54}.uDebug|x64.Build.0 = Debug|x64
		{11C889C6-54B3-4D6F-B6A7-CA126967EB54}.uDebug|x86.ActiveCfg = Debug|Win32
		{11C889C6-54B3-4D6F-B6A7-CA126967EB54}.uDebug|x86.Build.0 = Debug|Win32
		{11C889C6-54B3-4D6F-B6A7-CA126967EB54}.uRelease|x64.ActiveCfg = Release|x64
		{11C889C6-54B3-4D6F-B6A7-CA126967EB54}.uRelease|x64.Build.0 = Release|x64
		{11C889C6-54B3-4D6F-B6A7-CA126967EB54}.uRelease|x86.ActiveCfg = Release|Win32
		{11C889C6-54B3-4D6F-B6A7-CA126967EB54}.uRelease|x86.Build.0 = Release|Win32
	EndGlobalSection
	GlobalSection(SolutionProperties) = preSolution
		HideSolutionNode = FALSE
	EndGlobalSection
EndGlobal
