<?xml version="1.0" encoding="utf-8"?>
<Project ToolsVersion="4.0" xmlns="http://schemas.microsoft.com/developer/msbuild/2003">
  <ItemGroup>
    <Filter Include="源文件">
      <UniqueIdentifier>{4FC737F1-C7A5-4376-A066-2A32D752A2FF}</UniqueIdentifier>
      <Extensions>cpp;c;cc;cxx;def;odl;idl;hpj;bat;asm;asmx</Extensions>
    </Filter>
    <Filter Include="头文件">
      <UniqueIdentifier>{93995380-89BD-4b04-88EB-625FBE52EBFB}</UniqueIdentifier>
      <Extensions>h;hh;hpp;hxx;hm;inl;inc;xsd</Extensions>
    </Filter>
    <Filter Include="资源文件">
      <UniqueIdentifier>{67DA6AB6-F800-4c08-8B7A-83BB121AAD01}</UniqueIdentifier>
      <Extensions>rc;ico;cur;bmp;dlg;rc2;rct;bin;rgs;gif;jpg;jpeg;jpe;resx;tiff;tif;png;wav;mfcribbon-ms</Extensions>
    </Filter>
    <Filter Include="Common">
      <UniqueIdentifier>{624b552f-99d1-4248-b42a-9620ae13f2c8}</UniqueIdentifier>
    </Filter>
    <Filter Include="HPSocket">
      <UniqueIdentifier>{b4f385c8-d9b1-4b3c-a879-fab18af45c99}</UniqueIdentifier>
    </Filter>
  </ItemGroup>
  <ItemGroup>
    <Text Include="ReadMe.txt" />
  </ItemGroup>
  <ItemGroup>
    <ClCompile Include="ms.cpp">
      <Filter>源文件</Filter>
    </ClCompile>
    <ClCompile Include="stdafx.cpp">
      <Filter>源文件</Filter>
    </ClCompile>
    <ClCompile Include="self.cpp">
      <Filter>源文件</Filter>
    </ClCompile>
    <ClCompile Include="MainDlg.cpp">
      <Filter>源文件</Filter>
    </ClCompile>
    <ClCompile Include="HPClient.cpp">
      <Filter>源文件</Filter>
    </ClCompile>
    <ClCompile Include="Message.cpp">
      <Filter>源文件</Filter>
    </ClCompile>
    <ClCompile Include="..\HPSocket\Common\Src\BufferPool.cpp">
      <Filter>Common</Filter>
    </ClCompile>
    <ClCompile Include="..\HPSocket\Common\Src\RWLock.cpp">
      <Filter>Common</Filter>
    </ClCompile>
    <ClCompile Include="..\HPSocket\Common\Src\SysHelper.cpp">
      <Filter>Common</Filter>
    </ClCompile>
    <ClCompile Include="..\HPSocket\Common\Src\WaitFor.cpp">
      <Filter>Common</Filter>
    </ClCompile>
    <ClCompile Include="..\HPSocket\Src\SocketHelper.cpp">
      <Filter>HPSocket</Filter>
    </ClCompile>
    <ClCompile Include="..\HPSocket\Src\TcpClient.cpp">
      <Filter>HPSocket</Filter>
    </ClCompile>
    <ClCompile Include="..\HPSocket\Src\TcpPullClient.cpp">
      <Filter>HPSocket</Filter>
    </ClCompile>
    <ClCompile Include="DlgTabA.cpp">
      <Filter>源文件</Filter>
    </ClCompile>
    <ClCompile Include="DlgTabB.cpp">
      <Filter>源文件</Filter>
    </ClCompile>
  </ItemGroup>
  <ItemGroup>
    <ClInclude Include="ms.h">
      <Filter>头文件</Filter>
    </ClInclude>
    <ClInclude Include="stdafx.h">
      <Filter>头文件</Filter>
    </ClInclude>
    <ClInclude Include="targetver.h">
      <Filter>头文件</Filter>
    </ClInclude>
    <ClInclude Include="Resource.h">
      <Filter>头文件</Filter>
    </ClInclude>
    <ClInclude Include="self.h">
      <Filter>头文件</Filter>
    </ClInclude>
    <ClInclude Include="MainDlg.h">
      <Filter>头文件</Filter>
    </ClInclude>
    <ClInclude Include="HPClient.h">
      <Filter>头文件</Filter>
    </ClInclude>
    <ClInclude Include="SocketStruct.h">
      <Filter>头文件</Filter>
    </ClInclude>
    <ClInclude Include="Message.h">
      <Filter>头文件</Filter>
    </ClInclude>
    <ClInclude Include="..\HPSocket\Common\Src\BufferPool.h">
      <Filter>Common</Filter>
    </ClInclude>
    <ClInclude Include="..\HPSocket\Common\Src\BufferPtr.h">
      <Filter>Common</Filter>
    </ClInclude>
    <ClInclude Include="..\HPSocket\Common\Src\CriticalSection.h">
      <Filter>Common</Filter>
    </ClInclude>
    <ClInclude Include="..\HPSocket\Common\Src\Event.h">
      <Filter>Common</Filter>
    </ClInclude>
    <ClInclude Include="..\HPSocket\Common\Src\GeneralHelper.h">
      <Filter>Common</Filter>
    </ClInclude>
    <ClInclude Include="..\HPSocket\Common\Src\PrivateHeap.h">
      <Filter>Common</Filter>
    </ClInclude>
    <ClInclude Include="..\HPSocket\Common\Src\RWLock.h">
      <Filter>Common</Filter>
    </ClInclude>
    <ClInclude Include="..\HPSocket\Common\Src\Semaphore.h">
      <Filter>Common</Filter>
    </ClInclude>
    <ClInclude Include="..\HPSocket\Common\Src\Singleton.h">
      <Filter>Common</Filter>
    </ClInclude>
    <ClInclude Include="..\HPSocket\Common\Src\STLHelper.h">
      <Filter>Common</Filter>
    </ClInclude>
    <ClInclude Include="..\HPSocket\Common\Src\SysHelper.h">
      <Filter>Common</Filter>
    </ClInclude>
    <ClInclude Include="..\HPSocket\Common\Src\WaitFor.h">
      <Filter>Common</Filter>
    </ClInclude>
    <ClInclude Include="..\HPSocket\Common\Src\Win32Helper.h">
      <Filter>Common</Filter>
    </ClInclude>
    <ClInclude Include="..\HPSocket\Src\HPTypeDef.h">
      <Filter>HPSocket</Filter>
    </ClInclude>
    <ClInclude Include="..\HPSocket\Src\SocketHelper.h">
      <Filter>HPSocket</Filter>
    </ClInclude>
    <ClInclude Include="..\HPSocket\Src\SocketInterface.h">
      <Filter>HPSocket</Filter>
    </ClInclude>
    <ClInclude Include="..\HPSocket\Src\TcpClient.h">
      <Filter>HPSocket</Filter>
    </ClInclude>
    <ClInclude Include="..\HPSocket\Src\TcpPullClient.h">
      <Filter>HPSocket</Filter>
    </ClInclude>
    <ClInclude Include="ClientFunction.h">
      <Filter>头文件</Filter>
    </ClInclude>
    <ClInclude Include="DlgTabA.h">
      <Filter>头文件</Filter>
    </ClInclude>
    <ClInclude Include="DlgTabB.h">
      <Filter>头文件</Filter>
    </ClInclude>
    <ClInclude Include="GameFunction.h">
      <Filter>头文件</Filter>
    </ClInclude>
  </ItemGroup>
  <ItemGroup>
    <None Include="ms.def">
      <Filter>源文件</Filter>
    </None>
    <None Include="res\ms.rc2">
      <Filter>资源文件</Filter>
    </None>
    <None Include="System.lua" />
  </ItemGroup>
  <ItemGroup>
    <ResourceCompile Include="ms.rc">
      <Filter>资源文件</Filter>
    </ResourceCompile>
  </ItemGroup>
</Project>